
Microsoft Visual Studio Solution File, Format Version 12.00
# Visual Studio Version 17
VisualStudioVersion = 17.8.34601.278
MinimumVisualStudioVersion = 10.0.40219.1
Project("{FAE04EC0-301F-11D3-BF4B-00C04F79EFBC}") = "Store System", "Store System\Store System.csproj", "{BF075D4D-3EA8-4A9A-8CAD-CC4A868D2FD3}"
EndProject
Global
	GlobalSection(SolutionConfigurationPlatforms) = preSolution
		Debug|Any CPU = Debug|Any CPU
		Release|Any CPU = Release|Any CPU
	EndGlobalSection
	GlobalSection(ProjectConfigurationPlatforms) = postSolution
		{BF075D4D-3EA8-4A9A-8CAD-CC4A868D2FD3}.Debug|Any CPU.ActiveCfg = Debug|Any CPU
		{BF075D4D-3EA8-4A9A-8CAD-CC4A868D2FD3}.Debug|Any CPU.Build.0 = Debug|Any CPU
		{BF075D4D-3EA8-4A9A-8CAD-CC4A868D2FD3}.Release|Any CPU.ActiveCfg = Release|Any CPU
		{BF075D4D-3EA8-4A9A-8CAD-CC4A868D2FD3}.Release|Any CPU.Build.0 = Release|Any CPU
	EndGlobalSection
	GlobalSection(SolutionProperties) = preSolution
		HideSolutionNode = FALSE
	EndGlobalSection
	GlobalSection(ExtensibilityGlobals) = postSolution
		SolutionGuid = {39198BB2-5599-426B-8619-5C34F1802B3B}
	EndGlobalSection
EndGlobal
